
Microsoft Visual Studio Solution File, Format Version 12.00
# Visual Studio Version 16
VisualStudioVersion = 16.0.30114.105
MinimumVisualStudioVersion = 10.0.40219.1
Project("{FAE04EC0-301F-11D3-BF4B-00C04F79EFBC}") = "MyCodeLibrary", "MyCodeLibrary.csproj", "{70CB732F-9F65-4FA7-AB80-51CDF9D32F8D}"
EndProject
Global
	GlobalSection(SolutionConfigurationPlatforms) = preSolution
		Debug|Any CPU = Debug|Any CPU
		Release|Any CPU = Release|Any CPU
	EndGlobalSection
	GlobalSection(SolutionProperties) = preSolution
		HideSolutionNode = FALSE
	EndGlobalSection
	GlobalSection(ProjectConfigurationPlatforms) = postSolution
		{70CB732F-9F65-4FA7-AB80-51CDF9D32F8D}.Debug|Any CPU.ActiveCfg = Debug|Any CPU
		{70CB732F-9F65-4FA7-AB80-51CDF9D32F8D}.Debug|Any CPU.Build.0 = Debug|Any CPU
		{70CB732F-9F65-4FA7-AB80-51CDF9D32F8D}.Release|Any CPU.ActiveCfg = Release|Any CPU
		{70CB732F-9F65-4FA7-AB80-51CDF9D32F8D}.Release|Any CPU.Build.0 = Release|Any CPU
		{BAB79703-BBD8-4EBF-9601-9B39F106A42C}.Debug|Any CPU.ActiveCfg = Debug|Any CPU
		{BAB79703-BBD8-4EBF-9601-9B39F106A42C}.Debug|Any CPU.Build.0 = Debug|Any CPU
		{BAB79703-BBD8-4EBF-9601-9B39F106A42C}.Release|Any CPU.ActiveCfg = Release|Any CPU
		{BAB79703-BBD8-4EBF-9601-9B39F106A42C}.Release|Any CPU.Build.0 = Release|Any CPU
	EndGlobalSection
EndGlobal
