
Microsoft Visual Studio Solution File, Format Version 12.00
# Visual Studio Version 17
VisualStudioVersion = 17.9.34728.123
MinimumVisualStudioVersion = 10.0.40219.1
Project("{FAE04EC0-301F-11D3-BF4B-00C04F79EFBC}") = "UnderstandingArrays", "UnderstandingArrays.csproj", "{AB2E071F-97A0-4738-A715-8475EADC8E9B}"
EndProject
Global
	GlobalSection(SolutionConfigurationPlatforms) = preSolution
		Debug|Any CPU = Debug|Any CPU
		Release|Any CPU = Release|Any CPU
	EndGlobalSection
	GlobalSection(ProjectConfigurationPlatforms) = postSolution
		{AB2E071F-97A0-4738-A715-8475EADC8E9B}.Debug|Any CPU.ActiveCfg = Debug|Any CPU
		{AB2E071F-97A0-4738-A715-8475EADC8E9B}.Debug|Any CPU.Build.0 = Debug|Any CPU
		{AB2E071F-97A0-4738-A715-8475EADC8E9B}.Release|Any CPU.ActiveCfg = Release|Any CPU
		{AB2E071F-97A0-4738-A715-8475EADC8E9B}.Release|Any CPU.Build.0 = Release|Any CPU
	EndGlobalSection
	GlobalSection(SolutionProperties) = preSolution
		HideSolutionNode = FALSE
	EndGlobalSection
	GlobalSection(ExtensibilityGlobals) = postSolution
		SolutionGuid = {03A0D4A8-F77E-4103-96F1-DD71AA193483}
	EndGlobalSection
EndGlobal
